// !$*UTF8*$!
{
	archiveVersion = 1;
	classes = {
	};
	objectVersion = 48;
	objects = {

/* Begin PBXBuildFile section */
		451EEE572019C03600F6ED89 /* AppDelegate.swift in Sources */ = {isa = PBXBuildFile; fileRef = 451EEE562019C03600F6ED89 /* AppDelegate.swift */; };
		451EEE5C2019C03600F6ED89 /* Main.storyboard in Resources */ = {isa = PBXBuildFile; fileRef = 451EEE5A2019C03600F6ED89 /* Main.storyboard */; };
		451EEE5E2019C03600F6ED89 /* Assets.xcassets in Resources */ = {isa = PBXBuildFile; fileRef = 451EEE5D2019C03600F6ED89 /* Assets.xcassets */; };
		451EEE612019C03600F6ED89 /* LaunchScreen.storyboard in Resources */ = {isa = PBXBuildFile; fileRef = 451EEE5F2019C03600F6ED89 /* LaunchScreen.storyboard */; };
		451EEE6E2019C0B900F6ED89 /* RegistrationTableViewController.swift in Sources */ = {isa = PBXBuildFile; fileRef = 451EEE6D2019C0B900F6ED89 /* RegistrationTableViewController.swift */; };
		451EEE712019C1C300F6ED89 /* User.swift in Sources */ = {isa = PBXBuildFile; fileRef = 451EEE702019C1C300F6ED89 /* User.swift */; };
		451EEE732019C32D00F6ED89 /* RegistrationViewModel.swift in Sources */ = {isa = PBXBuildFile; fileRef = 451EEE722019C32D00F6ED89 /* RegistrationViewModel.swift */; };
		451EEE752019C6BB00F6ED89 /* UsersTableViewController.swift in Sources */ = {isa = PBXBuildFile; fileRef = 451EEE742019C6BB00F6ED89 /* UsersTableViewController.swift */; };
		451EEE772019C71F00F6ED89 /* DataAccess.swift in Sources */ = {isa = PBXBuildFile; fileRef = 451EEE762019C71F00F6ED89 /* DataAccess.swift */; };
		451EEE792019C84D00F6ED89 /* UsersListViewModel.swift in Sources */ = {isa = PBXBuildFile; fileRef = 451EEE782019C84D00F6ED89 /* UsersListViewModel.swift */; };
		451EEE7B2019C87400F6ED89 /* UserViewModel.swift in Sources */ = {isa = PBXBuildFile; fileRef = 451EEE7A2019C87400F6ED89 /* UserViewModel.swift */; };
		451EEE7D201AC8A000F6ED89 /* BindingTextField.swift in Sources */ = {isa = PBXBuildFile; fileRef = 451EEE7C201AC8A000F6ED89 /* BindingTextField.swift */; };
		451EEE80201B2CBC00F6ED89 /* ValidatableViewModel.swift in Sources */ = {isa = PBXBuildFile; fileRef = 451EEE7F201B2CBC00F6ED89 /* ValidatableViewModel.swift */; };
		4540CDB5201D8EB80095D10B /* FlowersTableViewController.swift in Sources */ = {isa = PBXBuildFile; fileRef = 4540CDB4201D8EB80095D10B /* FlowersTableViewController.swift */; };
		4540CDB8201D8F080095D10B /* WebService.swift in Sources */ = {isa = PBXBuildFile; fileRef = 4540CDB7201D8F080095D10B /* WebService.swift */; };
		4540CDBA201D8FEE0095D10B /* Flower.swift in Sources */ = {isa = PBXBuildFile; fileRef = 4540CDB9201D8FEE0095D10B /* Flower.swift */; };
/* End PBXBuildFile section */

/* Begin PBXFileReference section */
		451EEE532019C03500F6ED89 /* MVVM.app */ = {isa = PBXFileReference; explicitFileType = wrapper.application; includeInIndex = 0; path = MVVM.app; sourceTree = BUILT_PRODUCTS_DIR; };
		451EEE562019C03600F6ED89 /* AppDelegate.swift */ = {isa = PBXFileReference; lastKnownFileType = sourcecode.swift; path = AppDelegate.swift; sourceTree = "<group>"; };
		451EEE5B2019C03600F6ED89 /* Base */ = {isa = PBXFileReference; lastKnownFileType = file.storyboard; name = Base; path = Base.lproj/Main.storyboard; sourceTree = "<group>"; };
		451EEE5D2019C03600F6ED89 /* Assets.xcassets */ = {isa = PBXFileReference; lastKnownFileType = folder.assetcatalog; path = Assets.xcassets; sourceTree = "<group>"; };
		451EEE602019C03600F6ED89 /* Base */ = {isa = PBXFileReference; lastKnownFileType = file.storyboard; name = Base; path = Base.lproj/LaunchScreen.storyboard; sourceTree = "<group>"; };
		451EEE622019C03600F6ED89 /* Info.plist */ = {isa = PBXFileReference; lastKnownFileType = text.plist.xml; path = Info.plist; sourceTree = "<group>"; };
		451EEE6D2019C0B900F6ED89 /* RegistrationTableViewController.swift */ = {isa = PBXFileReference; lastKnownFileType = sourcecode.swift; path = RegistrationTableViewController.swift; sourceTree = "<group>"; };
		451EEE702019C1C300F6ED89 /* User.swift */ = {isa = PBXFileReference; lastKnownFileType = sourcecode.swift; path = User.swift; sourceTree = "<group>"; };
		451EEE722019C32D00F6ED89 /* RegistrationViewModel.swift */ = {isa = PBXFileReference; lastKnownFileType = sourcecode.swift; path = RegistrationViewModel.swift; sourceTree = "<group>"; };
		451EEE742019C6BB00F6ED89 /* UsersTableViewController.swift */ = {isa = PBXFileReference; lastKnownFileType = sourcecode.swift; path = UsersTableViewController.swift; sourceTree = "<group>"; };
		451EEE762019C71F00F6ED89 /* DataAccess.swift */ = {isa = PBXFileReference; lastKnownFileType = sourcecode.swift; path = DataAccess.swift; sourceTree = "<group>"; };
		451EEE782019C84D00F6ED89 /* UsersListViewModel.swift */ = {isa = PBXFileReference; lastKnownFileType = sourcecode.swift; path = UsersListViewModel.swift; sourceTree = "<group>"; };
		451EEE7A2019C87400F6ED89 /* UserViewModel.swift */ = {isa = PBXFileReference; lastKnownFileType = sourcecode.swift; path = UserViewModel.swift; sourceTree = "<group>"; };
		451EEE7C201AC8A000F6ED89 /* BindingTextField.swift */ = {isa = PBXFileReference; lastKnownFileType = sourcecode.swift; path = BindingTextField.swift; sourceTree = "<group>"; };
		451EEE7F201B2CBC00F6ED89 /* ValidatableViewModel.swift */ = {isa = PBXFileReference; lastKnownFileType = sourcecode.swift; path = ValidatableViewModel.swift; sourceTree = "<group>"; };
		4540CDB4201D8EB80095D10B /* FlowersTableViewController.swift */ = {isa = PBXFileReference; lastKnownFileType = sourcecode.swift; path = FlowersTableViewController.swift; sourceTree = "<group>"; };
		4540CDB7201D8F080095D10B /* WebService.swift */ = {isa = PBXFileReference; lastKnownFileType = sourcecode.swift; path = WebService.swift; sourceTree = "<group>"; };
		4540CDB9201D8FEE0095D10B /* Flower.swift */ = {isa = PBXFileReference; lastKnownFileType = sourcecode.swift; path = Flower.swift; sourceTree = "<group>"; };
/* End PBXFileReference section */

/* Begin PBXFrameworksBuildPhase section */
		451EEE502019C03500F6ED89 /* Frameworks */ = {
			isa = PBXFrameworksBuildPhase;
			buildActionMask = 2147483647;
			files = (
			);
			runOnlyForDeploymentPostprocessing = 0;
		};
/* End PBXFrameworksBuildPhase section */

/* Begin PBXGroup section */
		451EEE4A2019C03500F6ED89 = {
			isa = PBXGroup;
			children = (
				451EEE552019C03500F6ED89 /* MVVM */,
				451EEE542019C03500F6ED89 /* Products */,
			);
			sourceTree = "<group>";
		};
		451EEE542019C03500F6ED89 /* Products */ = {
			isa = PBXGroup;
			children = (
				451EEE532019C03500F6ED89 /* MVVM.app */,
			);
			name = Products;
			sourceTree = "<group>";
		};
		451EEE552019C03500F6ED89 /* MVVM */ = {
			isa = PBXGroup;
			children = (
				451EEE682019C04700F6ED89 /* Resources */,
				4540CDB6201D8EE50095D10B /* WebService */,
				451EEE7E201B2C8400F6ED89 /* Protocol */,
				451EEE6F2019C13300F6ED89 /* DataAccess */,
				451EEE6B2019C07A00F6ED89 /* Model */,
				451EEE6C2019C07F00F6ED89 /* ViewModel */,
				451EEE692019C05100F6ED89 /* View */,
				451EEE6A2019C05C00F6ED89 /* Controller */,
			);
			path = MVVM;
			sourceTree = "<group>";
		};
		451EEE682019C04700F6ED89 /* Resources */ = {
			isa = PBXGroup;
			children = (
				451EEE5D2019C03600F6ED89 /* Assets.xcassets */,
				451EEE622019C03600F6ED89 /* Info.plist */,
			);
			path = Resources;
			sourceTree = "<group>";
		};
		451EEE692019C05100F6ED89 /* View */ = {
			isa = PBXGroup;
			children = (
				451EEE5F2019C03600F6ED89 /* LaunchScreen.storyboard */,
				451EEE5A2019C03600F6ED89 /* Main.storyboard */,
				451EEE7C201AC8A000F6ED89 /* BindingTextField.swift */,
			);
			path = View;
			sourceTree = "<group>";
		};
		451EEE6A2019C05C00F6ED89 /* Controller */ = {
			isa = PBXGroup;
			children = (
				451EEE562019C03600F6ED89 /* AppDelegate.swift */,
				451EEE742019C6BB00F6ED89 /* UsersTableViewController.swift */,
				451EEE6D2019C0B900F6ED89 /* RegistrationTableViewController.swift */,
				4540CDB4201D8EB80095D10B /* FlowersTableViewController.swift */,
			);
			path = Controller;
			sourceTree = "<group>";
		};
		451EEE6B2019C07A00F6ED89 /* Model */ = {
			isa = PBXGroup;
			children = (
				451EEE702019C1C300F6ED89 /* User.swift */,
				4540CDB9201D8FEE0095D10B /* Flower.swift */,
			);
			path = Model;
			sourceTree = "<group>";
		};
		451EEE6C2019C07F00F6ED89 /* ViewModel */ = {
			isa = PBXGroup;
			children = (
				451EEE722019C32D00F6ED89 /* RegistrationViewModel.swift */,
				451EEE782019C84D00F6ED89 /* UsersListViewModel.swift */,
				451EEE7A2019C87400F6ED89 /* UserViewModel.swift */,
			);
			path = ViewModel;
			sourceTree = "<group>";
		};
		451EEE6F2019C13300F6ED89 /* DataAccess */ = {
			isa = PBXGroup;
			children = (
				451EEE762019C71F00F6ED89 /* DataAccess.swift */,
			);
			path = DataAccess;
			sourceTree = "<group>";
		};
		451EEE7E201B2C8400F6ED89 /* Protocol */ = {
			isa = PBXGroup;
			children = (
				451EEE7F201B2CBC00F6ED89 /* ValidatableViewModel.swift */,
			);
			path = Protocol;
			sourceTree = "<group>";
		};
		4540CDB6201D8EE50095D10B /* WebService */ = {
			isa = PBXGroup;
			children = (
				4540CDB7201D8F080095D10B /* WebService.swift */,
			);
			path = WebService;
			sourceTree = "<group>";
		};
/* End PBXGroup section */

/* Begin PBXNativeTarget section */
		451EEE522019C03500F6ED89 /* MVVM */ = {
			isa = PBXNativeTarget;
			buildConfigurationList = 451EEE652019C03600F6ED89 /* Build configuration list for PBXNativeTarget "MVVM" */;
			buildPhases = (
				451EEE4F2019C03500F6ED89 /* Sources */,
				451EEE502019C03500F6ED89 /* Frameworks */,
				451EEE512019C03500F6ED89 /* Resources */,
			);
			buildRules = (
			);
			dependencies = (
			);
			name = MVVM;
			productName = MVVM;
			productReference = 451EEE532019C03500F6ED89 /* MVVM.app */;
			productType = "com.apple.product-type.application";
		};
/* End PBXNativeTarget section */

/* Begin PBXProject section */
		451EEE4B2019C03500F6ED89 /* Project object */ = {
			isa = PBXProject;
			attributes = {
				LastSwiftUpdateCheck = 0920;
				LastUpgradeCheck = 0920;
				ORGANIZATIONNAME = "Chris Huang";
				TargetAttributes = {
					451EEE522019C03500F6ED89 = {
						CreatedOnToolsVersion = 9.2;
						ProvisioningStyle = Automatic;
					};
				};
			};
			buildConfigurationList = 451EEE4E2019C03500F6ED89 /* Build configuration list for PBXProject "MVVM" */;
			compatibilityVersion = "Xcode 8.0";
			developmentRegion = en;
			hasScannedForEncodings = 0;
			knownRegions = (
				en,
				Base,
			);
			mainGroup = 451EEE4A2019C03500F6ED89;
			productRefGroup = 451EEE542019C03500F6ED89 /* Products */;
			projectDirPath = "";
			projectRoot = "";
			targets = (
				451EEE522019C03500F6ED89 /* MVVM */,
			);
		};
/* End PBXProject section */

/* Begin PBXResourcesBuildPhase section */
		451EEE512019C03500F6ED89 /* Resources */ = {
			isa = PBXResourcesBuildPhase;
			buildActionMask = 2147483647;
			files = (
				451EEE612019C03600F6ED89 /* LaunchScreen.storyboard in Resources */,
				451EEE5E2019C03600F6ED89 /* Assets.xcassets in Resources */,
				451EEE5C2019C03600F6ED89 /* Main.storyboard in Resources */,
			);
			runOnlyForDeploymentPostprocessing = 0;
		};
/* End PBXResourcesBuildPhase section */

/* Begin PBXSourcesBuildPhase section */
		451EEE4F2019C03500F6ED89 /* Sources */ = {
			isa = PBXSourcesBuildPhase;
			buildActionMask = 2147483647;
			files = (
				4540CDBA201D8FEE0095D10B /* Flower.swift in Sources */,
				451EEE6E2019C0B900F6ED89 /* RegistrationTableViewController.swift in Sources */,
				451EEE7D201AC8A000F6ED89 /* BindingTextField.swift in Sources */,
				451EEE7B2019C87400F6ED89 /* UserViewModel.swift in Sources */,
				451EEE80201B2CBC00F6ED89 /* ValidatableViewModel.swift in Sources */,
				4540CDB5201D8EB80095D10B /* FlowersTableViewController.swift in Sources */,
				451EEE772019C71F00F6ED89 /* DataAccess.swift in Sources */,
				4540CDB8201D8F080095D10B /* WebService.swift in Sources */,
				451EEE732019C32D00F6ED89 /* RegistrationViewModel.swift in Sources */,
				451EEE572019C03600F6ED89 /* AppDelegate.swift in Sources */,
				451EEE792019C84D00F6ED89 /* UsersListViewModel.swift in Sources */,
				451EEE752019C6BB00F6ED89 /* UsersTableViewController.swift in Sources */,
				451EEE712019C1C300F6ED89 /* User.swift in Sources */,
			);
			runOnlyForDeploymentPostprocessing = 0;
		};
/* End PBXSourcesBuildPhase section */

/* Begin PBXVariantGroup section */
		451EEE5A2019C03600F6ED89 /* Main.storyboard */ = {
			isa = PBXVariantGroup;
			children = (
				451EEE5B2019C03600F6ED89 /* Base */,
			);
			name = Main.storyboard;
			sourceTree = "<group>";
		};
		451EEE5F2019C03600F6ED89 /* LaunchScreen.storyboard */ = {
			isa = PBXVariantGroup;
			children = (
				451EEE602019C03600F6ED89 /* Base */,
			);
			name = LaunchScreen.storyboard;
			sourceTree = "<group>";
		};
/* End PBXVariantGroup section */

/* Begin XCBuildConfiguration section */
		451EEE632019C03600F6ED89 /* Debug */ = {
			isa = XCBuildConfiguration;
			buildSettings = {
				ALWAYS_SEARCH_USER_PATHS = NO;
				CLANG_ANALYZER_NONNULL = YES;
				CLANG_ANALYZER_NUMBER_OBJECT_CONVERSION = YES_AGGRESSIVE;
				CLANG_CXX_LANGUAGE_STANDARD = "gnu++14";
				CLANG_CXX_LIBRARY = "libc++";
				CLANG_ENABLE_MODULES = YES;
				CLANG_ENABLE_OBJC_ARC = YES;
				CLANG_WARN_BLOCK_CAPTURE_AUTORELEASING = YES;
				CLANG_WARN_BOOL_CONVERSION = YES;
				CLANG_WARN_COMMA = YES;
				CLANG_WARN_CONSTANT_CONVERSION = YES;
				CLANG_WARN_DIRECT_OBJC_ISA_USAGE = YES_ERROR;
				CLANG_WARN_DOCUMENTATION_COMMENTS = YES;
				CLANG_WARN_EMPTY_BODY = YES;
				CLANG_WARN_ENUM_CONVERSION = YES;
				CLANG_WARN_INFINITE_RECURSION = YES;
				CLANG_WARN_INT_CONVERSION = YES;
				CLANG_WARN_NON_LITERAL_NULL_CONVERSION = YES;
				CLANG_WARN_OBJC_LITERAL_CONVERSION = YES;
				CLANG_WARN_OBJC_ROOT_CLASS = YES_ERROR;
				CLANG_WARN_RANGE_LOOP_ANALYSIS = YES;
				CLANG_WARN_STRICT_PROTOTYPES = YES;
				CLANG_WARN_SUSPICIOUS_MOVE = YES;
				CLANG_WARN_UNGUARDED_AVAILABILITY = YES_AGGRESSIVE;
				CLANG_WARN_UNREACHABLE_CODE = YES;
				CLANG_WARN__DUPLICATE_METHOD_MATCH = YES;
				CODE_SIGN_IDENTITY = "iPhone Developer";
				COPY_PHASE_STRIP = NO;
				DEBUG_INFORMATION_FORMAT = dwarf;
				ENABLE_STRICT_OBJC_MSGSEND = YES;
				ENABLE_TESTABILITY = YES;
				GCC_C_LANGUAGE_STANDARD = gnu11;
				GCC_DYNAMIC_NO_PIC = NO;
				GCC_NO_COMMON_BLOCKS = YES;
				GCC_OPTIMIZATION_LEVEL = 0;
				GCC_PREPROCESSOR_DEFINITIONS = (
					"DEBUG=1",
					"$(inherited)",
				);
				GCC_WARN_64_TO_32_BIT_CONVERSION = YES;
				GCC_WARN_ABOUT_RETURN_TYPE = YES_ERROR;
				GCC_WARN_UNDECLARED_SELECTOR = YES;
				GCC_WARN_UNINITIALIZED_AUTOS = YES_AGGRESSIVE;
				GCC_WARN_UNUSED_FUNCTION = YES;
				GCC_WARN_UNUSED_VARIABLE = YES;
				IPHONEOS_DEPLOYMENT_TARGET = 11.2;
				MTL_ENABLE_DEBUG_INFO = YES;
				ONLY_ACTIVE_ARCH = YES;
				SDKROOT = iphoneos;
				SWIFT_ACTIVE_COMPILATION_CONDITIONS = DEBUG;
				SWIFT_OPTIMIZATION_LEVEL = "-Onone";
			};
			name = Debug;
		};
		451EEE642019C03600F6ED89 /* Release */ = {
			isa = XCBuildConfiguration;
			buildSettings = {
				ALWAYS_SEARCH_USER_PATHS = NO;
				CLANG_ANALYZER_NONNULL = YES;
				CLANG_ANALYZER_NUMBER_OBJECT_CONVERSION = YES_AGGRESSIVE;
				CLANG_CXX_LANGUAGE_STANDARD = "gnu++14";
				CLANG_CXX_LIBRARY = "libc++";
				CLANG_ENABLE_MODULES = YES;
				CLANG_ENABLE_OBJC_ARC = YES;
				CLANG_WARN_BLOCK_CAPTURE_AUTORELEASING = YES;
				CLANG_WARN_BOOL_CONVERSION = YES;
				CLANG_WARN_COMMA = YES;
				CLANG_WARN_CONSTANT_CONVERSION = YES;
				CLANG_WARN_DIRECT_OBJC_ISA_USAGE = YES_ERROR;
				CLANG_WARN_DOCUMENTATION_COMMENTS = YES;
				CLANG_WARN_EMPTY_BODY = YES;
				CLANG_WARN_ENUM_CONVERSION = YES;
				CLANG_WARN_INFINITE_RECURSION = YES;
				CLANG_WARN_INT_CONVERSION = YES;
				CLANG_WARN_NON_LITERAL_NULL_CONVERSION = YES;
				CLANG_WARN_OBJC_LITERAL_CONVERSION = YES;
				CLANG_WARN_OBJC_ROOT_CLASS = YES_ERROR;
				CLANG_WARN_RANGE_LOOP_ANALYSIS = YES;
				CLANG_WARN_STRICT_PROTOTYPES = YES;
				CLANG_WARN_SUSPICIOUS_MOVE = YES;
				CLANG_WARN_UNGUARDED_AVAILABILITY = YES_AGGRESSIVE;
				CLANG_WARN_UNREACHABLE_CODE = YES;
				CLANG_WARN__DUPLICATE_METHOD_MATCH = YES;
				CODE_SIGN_IDENTITY = "iPhone Developer";
				COPY_PHASE_STRIP = NO;
				DEBUG_INFORMATION_FORMAT = "dwarf-with-dsym";
				ENABLE_NS_ASSERTIONS = NO;
				ENABLE_STRICT_OBJC_MSGSEND = YES;
				GCC_C_LANGUAGE_STANDARD = gnu11;
				GCC_NO_COMMON_BLOCKS = YES;
				GCC_WARN_64_TO_32_BIT_CONVERSION = YES;
				GCC_WARN_ABOUT_RETURN_TYPE = YES_ERROR;
				GCC_WARN_UNDECLARED_SELECTOR = YES;
				GCC_WARN_UNINITIALIZED_AUTOS = YES_AGGRESSIVE;
				GCC_WARN_UNUSED_FUNCTION = YES;
				GCC_WARN_UNUSED_VARIABLE = YES;
				IPHONEOS_DEPLOYMENT_TARGET = 11.2;
				MTL_ENABLE_DEBUG_INFO = NO;
				SDKROOT = iphoneos;
				SWIFT_OPTIMIZATION_LEVEL = "-Owholemodule";
				VALIDATE_PRODUCT = YES;
			};
			name = Release;
		};
		451EEE662019C03600F6ED89 /* Debug */ = {
			isa = XCBuildConfiguration;
			buildSettings = {
				ASSETCATALOG_COMPILER_APPICON_NAME = AppIcon;
				CODE_SIGN_STYLE = Automatic;
				DEVELOPMENT_TEAM = 9H46LQG73T;
				INFOPLIST_FILE = "$(SRCROOT)/MVVM/Resources/Info.plist";
				LD_RUNPATH_SEARCH_PATHS = "$(inherited) @executable_path/Frameworks";
				PRODUCT_BUNDLE_IDENTIFIER = com.devxris.MVVM;
				PRODUCT_NAME = "$(TARGET_NAME)";
				SWIFT_VERSION = 4.0;
				TARGETED_DEVICE_FAMILY = "1,2";
			};
			name = Debug;
		};
		451EEE672019C03600F6ED89 /* Release */ = {
			isa = XCBuildConfiguration;
			buildSettings = {
				ASSETCATALOG_COMPILER_APPICON_NAME = AppIcon;
				CODE_SIGN_STYLE = Automatic;
				DEVELOPMENT_TEAM = 9H46LQG73T;
				INFOPLIST_FILE = "$(SRCROOT)/MVVM/Resources/Info.plist";
				LD_RUNPATH_SEARCH_PATHS = "$(inherited) @executable_path/Frameworks";
				PRODUCT_BUNDLE_IDENTIFIER = com.devxris.MVVM;
				PRODUCT_NAME = "$(TARGET_NAME)";
				SWIFT_VERSION = 4.0;
				TARGETED_DEVICE_FAMILY = "1,2";
			};
			name = Release;
		};
/* End XCBuildConfiguration section */

/* Begin XCConfigurationList section */
		451EEE4E2019C03500F6ED89 /* Build configuration list for PBXProject "MVVM" */ = {
			isa = XCConfigurationList;
			buildConfigurations = (
				451EEE632019C03600F6ED89 /* Debug */,
				451EEE642019C03600F6ED89 /* Release */,
			);
			defaultConfigurationIsVisible = 0;
			defaultConfigurationName = Release;
		};
		451EEE652019C03600F6ED89 /* Build configuration list for PBXNativeTarget "MVVM" */ = {
			isa = XCConfigurationList;
			buildConfigurations = (
				451EEE662019C03600F6ED89 /* Debug */,
				451EEE672019C03600F6ED89 /* Release */,
			);
			defaultConfigurationIsVisible = 0;
			defaultConfigurationName = Release;
		};
/* End XCConfigurationList section */
	};
	rootObject = 451EEE4B2019C03500F6ED89 /* Project object */;
}
